
Microsoft Visual Studio Solution File, Format Version 12.00
# Visual Studio 14
VisualStudioVersion = 14.0.24720.0
MinimumVisualStudioVersion = 10.0.40219.1
Project("{FAE04EC0-301F-11D3-BF4B-00C04F79EFBC}") = "Oldmansoft.ApplicationLibrary.FileStore", "Oldmansoft.ApplicationLibrary.FileStore\Oldmansoft.ApplicationLibrary.FileStore.csproj", "{814F5A5F-9EB7-42C0-9261-0DD2BA256E40}"
EndProject
Project("{FAE04EC0-301F-11D3-BF4B-00C04F79EFBC}") = "Oldmansoft.ApplicationLibrary.FileStore.Mongo", "Oldmansoft.ApplicationLibrary.FileStore.Mongo\Oldmansoft.ApplicationLibrary.FileStore.Mongo.csproj", "{BB25140A-BF9D-4F8C-8B2E-53F0C20B8A64}"
EndProject
Project("{FAE04EC0-301F-11D3-BF4B-00C04F79EFBC}") = "Oldmansoft.ApplicationLibrary.WechatOpen", "Oldmansoft.ApplicationLibrary.WechatOpen\Oldmansoft.ApplicationLibrary.WechatOpen.csproj", "{4077524F-C9CC-4604-9286-8B3C10F3F164}"
EndProject
Global
	GlobalSection(SolutionConfigurationPlatforms) = preSolution
		Debug|Any CPU = Debug|Any CPU
		Release|Any CPU = Release|Any CPU
	EndGlobalSection
	GlobalSection(ProjectConfigurationPlatforms) = postSolution
		{814F5A5F-9EB7-42C0-9261-0DD2BA256E40}.Debug|Any CPU.ActiveCfg = Debug|Any CPU
		{814F5A5F-9EB7-42C0-9261-0DD2BA256E40}.Debug|Any CPU.Build.0 = Debug|Any CPU
		{814F5A5F-9EB7-42C0-9261-0DD2BA256E40}.Release|Any CPU.ActiveCfg = Release|Any CPU
		{814F5A5F-9EB7-42C0-9261-0DD2BA256E40}.Release|Any CPU.Build.0 = Release|Any CPU
		{BB25140A-BF9D-4F8C-8B2E-53F0C20B8A64}.Debug|Any CPU.ActiveCfg = Debug|Any CPU
		{BB25140A-BF9D-4F8C-8B2E-53F0C20B8A64}.Debug|Any CPU.Build.0 = Debug|Any CPU
		{BB25140A-BF9D-4F8C-8B2E-53F0C20B8A64}.Release|Any CPU.ActiveCfg = Release|Any CPU
		{BB25140A-BF9D-4F8C-8B2E-53F0C20B8A64}.Release|Any CPU.Build.0 = Release|Any CPU
		{4077524F-C9CC-4604-9286-8B3C10F3F164}.Debug|Any CPU.ActiveCfg = Debug|Any CPU
		{4077524F-C9CC-4604-9286-8B3C10F3F164}.Debug|Any CPU.Build.0 = Debug|Any CPU
		{4077524F-C9CC-4604-9286-8B3C10F3F164}.Release|Any CPU.ActiveCfg = Release|Any CPU
		{4077524F-C9CC-4604-9286-8B3C10F3F164}.Release|Any CPU.Build.0 = Release|Any CPU
	EndGlobalSection
	GlobalSection(SolutionProperties) = preSolution
		HideSolutionNode = FALSE
	EndGlobalSection
EndGlobal
