
Microsoft Visual Studio Solution File, Format Version 12.00
# Visual Studio Version 16
VisualStudioVersion = 16.0.31019.35
MinimumVisualStudioVersion = 10.0.40219.1
Project("{FAE04EC0-301F-11D3-BF4B-00C04F79EFBC}") = "Oldmansoft.ApplicationLibrary.FileStore", "Oldmansoft.ApplicationLibrary.FileStore\Oldmansoft.ApplicationLibrary.FileStore.csproj", "{4A0CEC74-0F64-4CAB-BB4E-70496CF005BE}"
EndProject
Project("{FAE04EC0-301F-11D3-BF4B-00C04F79EFBC}") = "Oldmansoft.ApplicationLibrary.FileStore.Mongo", "Oldmansoft.ApplicationLibrary.FileStore.Mongo\Oldmansoft.ApplicationLibrary.FileStore.Mongo.csproj", "{53FEAABC-5D44-4F7D-92EE-2F38CFFEAFEA}"
EndProject
Project("{FAE04EC0-301F-11D3-BF4B-00C04F79EFBC}") = "Oldmansoft.ApplicationLibrary.WechatOpen", "Oldmansoft.ApplicationLibrary.WechatOpen\Oldmansoft.ApplicationLibrary.WechatOpen.csproj", "{7D19E9EB-E7E0-4E81-9158-46C6988D088C}"
EndProject
Global
	GlobalSection(SolutionConfigurationPlatforms) = preSolution
		Debug|Any CPU = Debug|Any CPU
		Release|Any CPU = Release|Any CPU
	EndGlobalSection
	GlobalSection(ProjectConfigurationPlatforms) = postSolution
		{4A0CEC74-0F64-4CAB-BB4E-70496CF005BE}.Debug|Any CPU.ActiveCfg = Debug|Any CPU
		{4A0CEC74-0F64-4CAB-BB4E-70496CF005BE}.Debug|Any CPU.Build.0 = Debug|Any CPU
		{4A0CEC74-0F64-4CAB-BB4E-70496CF005BE}.Release|Any CPU.ActiveCfg = Release|Any CPU
		{4A0CEC74-0F64-4CAB-BB4E-70496CF005BE}.Release|Any CPU.Build.0 = Release|Any CPU
		{53FEAABC-5D44-4F7D-92EE-2F38CFFEAFEA}.Debug|Any CPU.ActiveCfg = Debug|Any CPU
		{53FEAABC-5D44-4F7D-92EE-2F38CFFEAFEA}.Debug|Any CPU.Build.0 = Debug|Any CPU
		{53FEAABC-5D44-4F7D-92EE-2F38CFFEAFEA}.Release|Any CPU.ActiveCfg = Release|Any CPU
		{53FEAABC-5D44-4F7D-92EE-2F38CFFEAFEA}.Release|Any CPU.Build.0 = Release|Any CPU
		{7D19E9EB-E7E0-4E81-9158-46C6988D088C}.Debug|Any CPU.ActiveCfg = Debug|Any CPU
		{7D19E9EB-E7E0-4E81-9158-46C6988D088C}.Debug|Any CPU.Build.0 = Debug|Any CPU
		{7D19E9EB-E7E0-4E81-9158-46C6988D088C}.Release|Any CPU.ActiveCfg = Release|Any CPU
		{7D19E9EB-E7E0-4E81-9158-46C6988D088C}.Release|Any CPU.Build.0 = Release|Any CPU
	EndGlobalSection
	GlobalSection(SolutionProperties) = preSolution
		HideSolutionNode = FALSE
	EndGlobalSection
	GlobalSection(ExtensibilityGlobals) = postSolution
		SolutionGuid = {D2554CD1-BB5B-458B-A085-167BFBCA4725}
	EndGlobalSection
EndGlobal
